
Microsoft Visual Studio Solution File, Format Version 12.00
# Visual Studio Version 17
VisualStudioVersion = 17.10.34916.146
MinimumVisualStudioVersion = 10.0.40219.1
Project("{FAE04EC0-301F-11D3-BF4B-00C04F79EFBC}") = "ExamenPrueba2", "ExamenPrueba2\ExamenPrueba2.csproj", "{990BA6E8-2E3F-4ED6-9BC9-C105D558E168}"
EndProject
Global
	GlobalSection(SolutionConfigurationPlatforms) = preSolution
		Debug|Any CPU = Debug|Any CPU
		Release|Any CPU = Release|Any CPU
	EndGlobalSection
	GlobalSection(ProjectConfigurationPlatforms) = postSolution
		{990BA6E8-2E3F-4ED6-9BC9-C105D558E168}.Debug|Any CPU.ActiveCfg = Debug|Any CPU
		{990BA6E8-2E3F-4ED6-9BC9-C105D558E168}.Debug|Any CPU.Build.0 = Debug|Any CPU
		{990BA6E8-2E3F-4ED6-9BC9-C105D558E168}.Release|Any CPU.ActiveCfg = Release|Any CPU
		{990BA6E8-2E3F-4ED6-9BC9-C105D558E168}.Release|Any CPU.Build.0 = Release|Any CPU
	EndGlobalSection
	GlobalSection(SolutionProperties) = preSolution
		HideSolutionNode = FALSE
	EndGlobalSection
	GlobalSection(ExtensibilityGlobals) = postSolution
		SolutionGuid = {48768C6B-5B69-46E9-98C6-1D28993D9A42}
	EndGlobalSection
EndGlobal
